
Microsoft Visual Studio Solution File, Format Version 12.00
# Visual Studio 14
VisualStudioVersion = 14.0.25420.1
MinimumVisualStudioVersion = 10.0.40219.1
Project("{FAE04EC0-301F-11D3-BF4B-00C04F79EFBC}") = "DanfossFCC.iOS", "DanfossFCC\DanfossFCC.iOS\DanfossFCC.iOS.csproj", "{82C85B7D-5410-40E5-9921-5587C8185A0E}"
EndProject
Project("{FAE04EC0-301F-11D3-BF4B-00C04F79EFBC}") = "DanfossFCC.Droid", "DanfossFCC\DanfossFCC.Droid\DanfossFCC.Droid.csproj", "{94A79B5A-25AE-419C-92ED-F831110B062E}"
EndProject
Project("{D954291E-2A0B-460D-934E-DC6B0785DB48}") = "DanfossFCC", "DanfossFCC\DanfossFCC\DanfossFCC.shproj", "{AA225B36-EBC7-455C-863C-544431D70D60}"
EndProject
Project("{FAE04EC0-301F-11D3-BF4B-00C04F79EFBC}") = "DanfossFCC.Portable", "DanfossFCC\DanfossFCC.Portable\DanfossFCC.Portable.csproj", "{C4ECCD32-3516-4226-8BE5-8E765641FB17}"
EndProject
Global
	GlobalSection(SharedMSBuildProjectFiles) = preSolution
		DanfossFCC\DanfossFCC\DanfossFCC.projitems*{82c85b7d-5410-40e5-9921-5587c8185a0e}*SharedItemsImports = 4
		DanfossFCC\DanfossFCC\DanfossFCC.projitems*{94a79b5a-25ae-419c-92ed-f831110b062e}*SharedItemsImports = 4
		DanfossFCC\DanfossFCC\DanfossFCC.projitems*{aa225b36-ebc7-455c-863c-544431d70d60}*SharedItemsImports = 13
	EndGlobalSection
	GlobalSection(SolutionConfigurationPlatforms) = preSolution
		Ad-Hoc|Any CPU = Ad-Hoc|Any CPU
		Ad-Hoc|ARM = Ad-Hoc|ARM
		Ad-Hoc|iPhone = Ad-Hoc|iPhone
		Ad-Hoc|iPhoneSimulator = Ad-Hoc|iPhoneSimulator
		Ad-Hoc|Mixed Platforms = Ad-Hoc|Mixed Platforms
		Ad-Hoc|x86 = Ad-Hoc|x86
		AppStore|Any CPU = AppStore|Any CPU
		AppStore|ARM = AppStore|ARM
		AppStore|iPhone = AppStore|iPhone
		AppStore|iPhoneSimulator = AppStore|iPhoneSimulator
		AppStore|Mixed Platforms = AppStore|Mixed Platforms
		AppStore|x86 = AppStore|x86
		Debug|Any CPU = Debug|Any CPU
		Debug|ARM = Debug|ARM
		Debug|iPhone = Debug|iPhone
		Debug|iPhoneSimulator = Debug|iPhoneSimulator
		Debug|Mixed Platforms = Debug|Mixed Platforms
		Debug|x86 = Debug|x86
		Release|Any CPU = Release|Any CPU
		Release|ARM = Release|ARM
		Release|iPhone = Release|iPhone
		Release|iPhoneSimulator = Release|iPhoneSimulator
		Release|Mixed Platforms = Release|Mixed Platforms
		Release|x86 = Release|x86
	EndGlobalSection
	GlobalSection(ProjectConfigurationPlatforms) = postSolution
		{82C85B7D-5410-40E5-9921-5587C8185A0E}.Ad-Hoc|Any CPU.ActiveCfg = Ad-Hoc|iPhone
		{82C85B7D-5410-40E5-9921-5587C8185A0E}.Ad-Hoc|ARM.ActiveCfg = Ad-Hoc|iPhone
		{82C85B7D-5410-40E5-9921-5587C8185A0E}.Ad-Hoc|iPhone.ActiveCfg = Ad-Hoc|iPhone
		{82C85B7D-5410-40E5-9921-5587C8185A0E}.Ad-Hoc|iPhone.Build.0 = Ad-Hoc|iPhone
		{82C85B7D-5410-40E5-9921-5587C8185A0E}.Ad-Hoc|iPhoneSimulator.ActiveCfg = Ad-Hoc|iPhoneSimulator
		{82C85B7D-5410-40E5-9921-5587C8185A0E}.Ad-Hoc|iPhoneSimulator.Build.0 = Ad-Hoc|iPhoneSimulator
		{82C85B7D-5410-40E5-9921-5587C8185A0E}.Ad-Hoc|Mixed Platforms.ActiveCfg = Ad-Hoc|iPhone
		{82C85B7D-5410-40E5-9921-5587C8185A0E}.Ad-Hoc|Mixed Platforms.Build.0 = Ad-Hoc|iPhone
		{82C85B7D-5410-40E5-9921-5587C8185A0E}.Ad-Hoc|x86.ActiveCfg = Ad-Hoc|iPhone
		{82C85B7D-5410-40E5-9921-5587C8185A0E}.AppStore|Any CPU.ActiveCfg = AppStore|iPhone
		{82C85B7D-5410-40E5-9921-5587C8185A0E}.AppStore|ARM.ActiveCfg = AppStore|iPhone
		{82C85B7D-5410-40E5-9921-5587C8185A0E}.AppStore|iPhone.ActiveCfg = AppStore|iPhone
		{82C85B7D-5410-40E5-9921-5587C8185A0E}.AppStore|iPhone.Build.0 = AppStore|iPhone
		{82C85B7D-5410-40E5-9921-5587C8185A0E}.AppStore|iPhoneSimulator.ActiveCfg = AppStore|iPhoneSimulator
		{82C85B7D-5410-40E5-9921-5587C8185A0E}.AppStore|iPhoneSimulator.Build.0 = AppStore|iPhoneSimulator
		{82C85B7D-5410-40E5-9921-5587C8185A0E}.AppStore|Mixed Platforms.ActiveCfg = AppStore|iPhone
		{82C85B7D-5410-40E5-9921-5587C8185A0E}.AppStore|Mixed Platforms.Build.0 = AppStore|iPhone
		{82C85B7D-5410-40E5-9921-5587C8185A0E}.AppStore|x86.ActiveCfg = AppStore|iPhone
		{82C85B7D-5410-40E5-9921-5587C8185A0E}.Debug|Any CPU.ActiveCfg = Debug|iPhone
		{82C85B7D-5410-40E5-9921-5587C8185A0E}.Debug|ARM.ActiveCfg = Debug|iPhone
		{82C85B7D-5410-40E5-9921-5587C8185A0E}.Debug|iPhone.ActiveCfg = Debug|iPhone
		{82C85B7D-5410-40E5-9921-5587C8185A0E}.Debug|iPhone.Build.0 = Debug|iPhone
		{82C85B7D-5410-40E5-9921-5587C8185A0E}.Debug|iPhoneSimulator.ActiveCfg = Debug|iPhoneSimulator
		{82C85B7D-5410-40E5-9921-5587C8185A0E}.Debug|iPhoneSimulator.Build.0 = Debug|iPhoneSimulator
		{82C85B7D-5410-40E5-9921-5587C8185A0E}.Debug|Mixed Platforms.ActiveCfg = Debug|iPhone
		{82C85B7D-5410-40E5-9921-5587C8185A0E}.Debug|Mixed Platforms.Build.0 = Debug|iPhone
		{82C85B7D-5410-40E5-9921-5587C8185A0E}.Debug|x86.ActiveCfg = Debug|iPhone
		{82C85B7D-5410-40E5-9921-5587C8185A0E}.Release|Any CPU.ActiveCfg = Release|iPhone
		{82C85B7D-5410-40E5-9921-5587C8185A0E}.Release|ARM.ActiveCfg = Release|iPhone
		{82C85B7D-5410-40E5-9921-5587C8185A0E}.Release|iPhone.ActiveCfg = Release|iPhone
		{82C85B7D-5410-40E5-9921-5587C8185A0E}.Release|iPhone.Build.0 = Release|iPhone
		{82C85B7D-5410-40E5-9921-5587C8185A0E}.Release|iPhoneSimulator.ActiveCfg = Release|iPhoneSimulator
		{82C85B7D-5410-40E5-9921-5587C8185A0E}.Release|iPhoneSimulator.Build.0 = Release|iPhoneSimulator
		{82C85B7D-5410-40E5-9921-5587C8185A0E}.Release|Mixed Platforms.ActiveCfg = Release|iPhone
		{82C85B7D-5410-40E5-9921-5587C8185A0E}.Release|Mixed Platforms.Build.0 = Release|iPhone
		{82C85B7D-5410-40E5-9921-5587C8185A0E}.Release|x86.ActiveCfg = Release|iPhone
		{94A79B5A-25AE-419C-92ED-F831110B062E}.Ad-Hoc|Any CPU.ActiveCfg = Release|Any CPU
		{94A79B5A-25AE-419C-92ED-F831110B062E}.Ad-Hoc|Any CPU.Build.0 = Release|Any CPU
		{94A79B5A-25AE-419C-92ED-F831110B062E}.Ad-Hoc|Any CPU.Deploy.0 = Release|Any CPU
		{94A79B5A-25AE-419C-92ED-F831110B062E}.Ad-Hoc|ARM.ActiveCfg = Release|Any CPU
		{94A79B5A-25AE-419C-92ED-F831110B062E}.Ad-Hoc|iPhone.ActiveCfg = Release|Any CPU
		{94A79B5A-25AE-419C-92ED-F831110B062E}.Ad-Hoc|iPhoneSimulator.ActiveCfg = Release|Any CPU
		{94A79B5A-25AE-419C-92ED-F831110B062E}.Ad-Hoc|Mixed Platforms.ActiveCfg = Release|Any CPU
		{94A79B5A-25AE-419C-92ED-F831110B062E}.Ad-Hoc|Mixed Platforms.Build.0 = Release|Any CPU
		{94A79B5A-25AE-419C-92ED-F831110B062E}.Ad-Hoc|Mixed Platforms.Deploy.0 = Release|Any CPU
		{94A79B5A-25AE-419C-92ED-F831110B062E}.Ad-Hoc|x86.ActiveCfg = Release|Any CPU
		{94A79B5A-25AE-419C-92ED-F831110B062E}.AppStore|Any CPU.ActiveCfg = Release|Any CPU
		{94A79B5A-25AE-419C-92ED-F831110B062E}.AppStore|Any CPU.Build.0 = Release|Any CPU
		{94A79B5A-25AE-419C-92ED-F831110B062E}.AppStore|Any CPU.Deploy.0 = Release|Any CPU
		{94A79B5A-25AE-419C-92ED-F831110B062E}.AppStore|ARM.ActiveCfg = Release|Any CPU
		{94A79B5A-25AE-419C-92ED-F831110B062E}.AppStore|iPhone.ActiveCfg = Release|Any CPU
		{94A79B5A-25AE-419C-92ED-F831110B062E}.AppStore|iPhoneSimulator.ActiveCfg = Release|Any CPU
		{94A79B5A-25AE-419C-92ED-F831110B062E}.AppStore|Mixed Platforms.ActiveCfg = Release|Any CPU
		{94A79B5A-25AE-419C-92ED-F831110B062E}.AppStore|Mixed Platforms.Build.0 = Release|Any CPU
		{94A79B5A-25AE-419C-92ED-F831110B062E}.AppStore|Mixed Platforms.Deploy.0 = Release|Any CPU
		{94A79B5A-25AE-419C-92ED-F831110B062E}.AppStore|x86.ActiveCfg = Release|Any CPU
		{94A79B5A-25AE-419C-92ED-F831110B062E}.Debug|Any CPU.ActiveCfg = Debug|Any CPU
		{94A79B5A-25AE-419C-92ED-F831110B062E}.Debug|Any CPU.Build.0 = Debug|Any CPU
		{94A79B5A-25AE-419C-92ED-F831110B062E}.Debug|Any CPU.Deploy.0 = Debug|Any CPU
		{94A79B5A-25AE-419C-92ED-F831110B062E}.Debug|ARM.ActiveCfg = Debug|Any CPU
		{94A79B5A-25AE-419C-92ED-F831110B062E}.Debug|iPhone.ActiveCfg = Debug|Any CPU
		{94A79B5A-25AE-419C-92ED-F831110B062E}.Debug|iPhoneSimulator.ActiveCfg = Debug|Any CPU
		{94A79B5A-25AE-419C-92ED-F831110B062E}.Debug|iPhoneSimulator.Build.0 = Debug|Any CPU
		{94A79B5A-25AE-419C-92ED-F831110B062E}.Debug|iPhoneSimulator.Deploy.0 = Debug|Any CPU
		{94A79B5A-25AE-419C-92ED-F831110B062E}.Debug|Mixed Platforms.ActiveCfg = Debug|Any CPU
		{94A79B5A-25AE-419C-92ED-F831110B062E}.Debug|Mixed Platforms.Build.0 = Debug|Any CPU
		{94A79B5A-25AE-419C-92ED-F831110B062E}.Debug|Mixed Platforms.Deploy.0 = Debug|Any CPU
		{94A79B5A-25AE-419C-92ED-F831110B062E}.Debug|x86.ActiveCfg = Debug|Any CPU
		{94A79B5A-25AE-419C-92ED-F831110B062E}.Release|Any CPU.ActiveCfg = Release|Any CPU
		{94A79B5A-25AE-419C-92ED-F831110B062E}.Release|Any CPU.Build.0 = Release|Any CPU
		{94A79B5A-25AE-419C-92ED-F831110B062E}.Release|Any CPU.Deploy.0 = Release|Any CPU
		{94A79B5A-25AE-419C-92ED-F831110B062E}.Release|ARM.ActiveCfg = Release|Any CPU
		{94A79B5A-25AE-419C-92ED-F831110B062E}.Release|iPhone.ActiveCfg = Release|Any CPU
		{94A79B5A-25AE-419C-92ED-F831110B062E}.Release|iPhoneSimulator.ActiveCfg = Release|Any CPU
		{94A79B5A-25AE-419C-92ED-F831110B062E}.Release|Mixed Platforms.ActiveCfg = Release|Any CPU
		{94A79B5A-25AE-419C-92ED-F831110B062E}.Release|Mixed Platforms.Build.0 = Release|Any CPU
		{94A79B5A-25AE-419C-92ED-F831110B062E}.Release|Mixed Platforms.Deploy.0 = Release|Any CPU
		{94A79B5A-25AE-419C-92ED-F831110B062E}.Release|x86.ActiveCfg = Release|Any CPU
		{C4ECCD32-3516-4226-8BE5-8E765641FB17}.Ad-Hoc|Any CPU.ActiveCfg = Release|Any CPU
		{C4ECCD32-3516-4226-8BE5-8E765641FB17}.Ad-Hoc|Any CPU.Build.0 = Release|Any CPU
		{C4ECCD32-3516-4226-8BE5-8E765641FB17}.Ad-Hoc|ARM.ActiveCfg = Release|Any CPU
		{C4ECCD32-3516-4226-8BE5-8E765641FB17}.Ad-Hoc|ARM.Build.0 = Release|Any CPU
		{C4ECCD32-3516-4226-8BE5-8E765641FB17}.Ad-Hoc|iPhone.ActiveCfg = Release|Any CPU
		{C4ECCD32-3516-4226-8BE5-8E765641FB17}.Ad-Hoc|iPhone.Build.0 = Release|Any CPU
		{C4ECCD32-3516-4226-8BE5-8E765641FB17}.Ad-Hoc|iPhoneSimulator.ActiveCfg = Release|Any CPU
		{C4ECCD32-3516-4226-8BE5-8E765641FB17}.Ad-Hoc|iPhoneSimulator.Build.0 = Release|Any CPU
		{C4ECCD32-3516-4226-8BE5-8E765641FB17}.Ad-Hoc|Mixed Platforms.ActiveCfg = Release|Any CPU
		{C4ECCD32-3516-4226-8BE5-8E765641FB17}.Ad-Hoc|Mixed Platforms.Build.0 = Release|Any CPU
		{C4ECCD32-3516-4226-8BE5-8E765641FB17}.Ad-Hoc|x86.ActiveCfg = Release|Any CPU
		{C4ECCD32-3516-4226-8BE5-8E765641FB17}.Ad-Hoc|x86.Build.0 = Release|Any CPU
		{C4ECCD32-3516-4226-8BE5-8E765641FB17}.AppStore|Any CPU.ActiveCfg = Release|Any CPU
		{C4ECCD32-3516-4226-8BE5-8E765641FB17}.AppStore|Any CPU.Build.0 = Release|Any CPU
		{C4ECCD32-3516-4226-8BE5-8E765641FB17}.AppStore|ARM.ActiveCfg = Release|Any CPU
		{C4ECCD32-3516-4226-8BE5-8E765641FB17}.AppStore|ARM.Build.0 = Release|Any CPU
		{C4ECCD32-3516-4226-8BE5-8E765641FB17}.AppStore|iPhone.ActiveCfg = Release|Any CPU
		{C4ECCD32-3516-4226-8BE5-8E765641FB17}.AppStore|iPhone.Build.0 = Release|Any CPU
		{C4ECCD32-3516-4226-8BE5-8E765641FB17}.AppStore|iPhoneSimulator.ActiveCfg = Release|Any CPU
		{C4ECCD32-3516-4226-8BE5-8E765641FB17}.AppStore|iPhoneSimulator.Build.0 = Release|Any CPU
		{C4ECCD32-3516-4226-8BE5-8E765641FB17}.AppStore|Mixed Platforms.ActiveCfg = Release|Any CPU
		{C4ECCD32-3516-4226-8BE5-8E765641FB17}.AppStore|Mixed Platforms.Build.0 = Release|Any CPU
		{C4ECCD32-3516-4226-8BE5-8E765641FB17}.AppStore|x86.ActiveCfg = Release|Any CPU
		{C4ECCD32-3516-4226-8BE5-8E765641FB17}.AppStore|x86.Build.0 = Release|Any CPU
		{C4ECCD32-3516-4226-8BE5-8E765641FB17}.Debug|Any CPU.ActiveCfg = Debug|Any CPU
		{C4ECCD32-3516-4226-8BE5-8E765641FB17}.Debug|Any CPU.Build.0 = Debug|Any CPU
		{C4ECCD32-3516-4226-8BE5-8E765641FB17}.Debug|ARM.ActiveCfg = Debug|Any CPU
		{C4ECCD32-3516-4226-8BE5-8E765641FB17}.Debug|ARM.Build.0 = Debug|Any CPU
		{C4ECCD32-3516-4226-8BE5-8E765641FB17}.Debug|iPhone.ActiveCfg = Debug|Any CPU
		{C4ECCD32-3516-4226-8BE5-8E765641FB17}.Debug|iPhone.Build.0 = Debug|Any CPU
		{C4ECCD32-3516-4226-8BE5-8E765641FB17}.Debug|iPhoneSimulator.ActiveCfg = Debug|Any CPU
		{C4ECCD32-3516-4226-8BE5-8E765641FB17}.Debug|iPhoneSimulator.Build.0 = Debug|Any CPU
		{C4ECCD32-3516-4226-8BE5-8E765641FB17}.Debug|Mixed Platforms.ActiveCfg = Debug|Any CPU
		{C4ECCD32-3516-4226-8BE5-8E765641FB17}.Debug|Mixed Platforms.Build.0 = Debug|Any CPU
		{C4ECCD32-3516-4226-8BE5-8E765641FB17}.Debug|x86.ActiveCfg = Debug|Any CPU
		{C4ECCD32-3516-4226-8BE5-8E765641FB17}.Debug|x86.Build.0 = Debug|Any CPU
		{C4ECCD32-3516-4226-8BE5-8E765641FB17}.Release|Any CPU.ActiveCfg = Release|Any CPU
		{C4ECCD32-3516-4226-8BE5-8E765641FB17}.Release|Any CPU.Build.0 = Release|Any CPU
		{C4ECCD32-3516-4226-8BE5-8E765641FB17}.Release|ARM.ActiveCfg = Release|Any CPU
		{C4ECCD32-3516-4226-8BE5-8E765641FB17}.Release|ARM.Build.0 = Release|Any CPU
		{C4ECCD32-3516-4226-8BE5-8E765641FB17}.Release|iPhone.ActiveCfg = Release|Any CPU
		{C4ECCD32-3516-4226-8BE5-8E765641FB17}.Release|iPhone.Build.0 = Release|Any CPU
		{C4ECCD32-3516-4226-8BE5-8E765641FB17}.Release|iPhoneSimulator.ActiveCfg = Release|Any CPU
		{C4ECCD32-3516-4226-8BE5-8E765641FB17}.Release|iPhoneSimulator.Build.0 = Release|Any CPU
		{C4ECCD32-3516-4226-8BE5-8E765641FB17}.Release|Mixed Platforms.ActiveCfg = Release|Any CPU
		{C4ECCD32-3516-4226-8BE5-8E765641FB17}.Release|Mixed Platforms.Build.0 = Release|Any CPU
		{C4ECCD32-3516-4226-8BE5-8E765641FB17}.Release|x86.ActiveCfg = Release|Any CPU
		{C4ECCD32-3516-4226-8BE5-8E765641FB17}.Release|x86.Build.0 = Release|Any CPU
	EndGlobalSection
	GlobalSection(SolutionProperties) = preSolution
		HideSolutionNode = FALSE
	EndGlobalSection
EndGlobal
